
Microsoft Visual Studio Solution File, Format Version 12.00
# Visual Studio Version 16
VisualStudioVersion = 16.0.29306.81
MinimumVisualStudioVersion = 10.0.40219.1
Project("{FAE04EC0-301F-11D3-BF4B-00C04F79EFBC}") = "HW_03_Task1", "HW_03_Task1.csproj", "{7E825A89-4B2E-494A-BB01-3394E194F52D}"
EndProject
Project("{FAE04EC0-301F-11D3-BF4B-00C04F79EFBC}") = "HW_03_Task2", "..\HW_03_Task2\HW_03_Task2.csproj", "{2D8A3464-99D5-414F-B95F-850BD6934C34}"
EndProject
Project("{FAE04EC0-301F-11D3-BF4B-00C04F79EFBC}") = "HW_03_Task3", "..\HW_03_Task3\HW_03_Task3.csproj", "{67A31554-8805-4331-9086-96DED85D0ED3}"
EndProject
Project("{FAE04EC0-301F-11D3-BF4B-00C04F79EFBC}") = "HW_03_Task4", "..\HW_03_Task4\HW_03_Task4.csproj", "{DDCC9074-23AC-445A-A6FD-E8A4BAD05579}"
EndProject
Global
	GlobalSection(SolutionConfigurationPlatforms) = preSolution
		Debug|Any CPU = Debug|Any CPU
		Release|Any CPU = Release|Any CPU
	EndGlobalSection
	GlobalSection(ProjectConfigurationPlatforms) = postSolution
		{7E825A89-4B2E-494A-BB01-3394E194F52D}.Debug|Any CPU.ActiveCfg = Debug|Any CPU
		{7E825A89-4B2E-494A-BB01-3394E194F52D}.Debug|Any CPU.Build.0 = Debug|Any CPU
		{7E825A89-4B2E-494A-BB01-3394E194F52D}.Release|Any CPU.ActiveCfg = Release|Any CPU
		{7E825A89-4B2E-494A-BB01-3394E194F52D}.Release|Any CPU.Build.0 = Release|Any CPU
		{2D8A3464-99D5-414F-B95F-850BD6934C34}.Debug|Any CPU.ActiveCfg = Debug|Any CPU
		{2D8A3464-99D5-414F-B95F-850BD6934C34}.Debug|Any CPU.Build.0 = Debug|Any CPU
		{2D8A3464-99D5-414F-B95F-850BD6934C34}.Release|Any CPU.ActiveCfg = Release|Any CPU
		{2D8A3464-99D5-414F-B95F-850BD6934C34}.Release|Any CPU.Build.0 = Release|Any CPU
		{67A31554-8805-4331-9086-96DED85D0ED3}.Debug|Any CPU.ActiveCfg = Debug|Any CPU
		{67A31554-8805-4331-9086-96DED85D0ED3}.Debug|Any CPU.Build.0 = Debug|Any CPU
		{67A31554-8805-4331-9086-96DED85D0ED3}.Release|Any CPU.ActiveCfg = Release|Any CPU
		{67A31554-8805-4331-9086-96DED85D0ED3}.Release|Any CPU.Build.0 = Release|Any CPU
		{DDCC9074-23AC-445A-A6FD-E8A4BAD05579}.Debug|Any CPU.ActiveCfg = Debug|Any CPU
		{DDCC9074-23AC-445A-A6FD-E8A4BAD05579}.Debug|Any CPU.Build.0 = Debug|Any CPU
		{DDCC9074-23AC-445A-A6FD-E8A4BAD05579}.Release|Any CPU.ActiveCfg = Release|Any CPU
		{DDCC9074-23AC-445A-A6FD-E8A4BAD05579}.Release|Any CPU.Build.0 = Release|Any CPU
	EndGlobalSection
	GlobalSection(SolutionProperties) = preSolution
		HideSolutionNode = FALSE
	EndGlobalSection
	GlobalSection(ExtensibilityGlobals) = postSolution
		SolutionGuid = {B9F51700-C648-440E-B7D5-099103F25638}
	EndGlobalSection
EndGlobal
