
Microsoft Visual Studio Solution File, Format Version 12.00
# Visual Studio Version 16
VisualStudioVersion = 16.0.29020.237
MinimumVisualStudioVersion = 10.0.40219.1
Project("{FAE04EC0-301F-11D3-BF4B-00C04F79EFBC}") = "HW_01_Task1", "HW_01_Task1\HW_01_Task1.csproj", "{F1AA1068-34F5-41CF-BC4B-35FB1C28FFDE}"
EndProject
Global
	GlobalSection(SolutionConfigurationPlatforms) = preSolution
		Debug|Any CPU = Debug|Any CPU
		Release|Any CPU = Release|Any CPU
	EndGlobalSection
	GlobalSection(ProjectConfigurationPlatforms) = postSolution
		{F1AA1068-34F5-41CF-BC4B-35FB1C28FFDE}.Debug|Any CPU.ActiveCfg = Debug|Any CPU
		{F1AA1068-34F5-41CF-BC4B-35FB1C28FFDE}.Debug|Any CPU.Build.0 = Debug|Any CPU
		{F1AA1068-34F5-41CF-BC4B-35FB1C28FFDE}.Release|Any CPU.ActiveCfg = Release|Any CPU
		{F1AA1068-34F5-41CF-BC4B-35FB1C28FFDE}.Release|Any CPU.Build.0 = Release|Any CPU
	EndGlobalSection
	GlobalSection(SolutionProperties) = preSolution
		HideSolutionNode = FALSE
	EndGlobalSection
	GlobalSection(ExtensibilityGlobals) = postSolution
		SolutionGuid = {E4DD280D-B013-4D9B-82EC-CC6B80A34A86}
	EndGlobalSection
EndGlobal
